
Microsoft Visual Studio Solution File, Format Version 12.00
# Visual Studio Version 17
VisualStudioVersion = 17.14.36518.9 d17.14
MinimumVisualStudioVersion = 10.0.40219.1
Project("{FAE04EC0-301F-11D3-BF4B-00C04F79EFBC}") = "3_Torres_41", "3_Torres_41\3_Torres_41.csproj", "{48F7043B-14FF-41D7-88E5-70980CCC9401}"
EndProject
Global
	GlobalSection(SolutionConfigurationPlatforms) = preSolution
		Debug|Any CPU = Debug|Any CPU
		Release|Any CPU = Release|Any CPU
	EndGlobalSection
	GlobalSection(ProjectConfigurationPlatforms) = postSolution
		{48F7043B-14FF-41D7-88E5-70980CCC9401}.Debug|Any CPU.ActiveCfg = Debug|Any CPU
		{48F7043B-14FF-41D7-88E5-70980CCC9401}.Debug|Any CPU.Build.0 = Debug|Any CPU
		{48F7043B-14FF-41D7-88E5-70980CCC9401}.Release|Any CPU.ActiveCfg = Release|Any CPU
		{48F7043B-14FF-41D7-88E5-70980CCC9401}.Release|Any CPU.Build.0 = Release|Any CPU
	EndGlobalSection
	GlobalSection(SolutionProperties) = preSolution
		HideSolutionNode = FALSE
	EndGlobalSection
	GlobalSection(ExtensibilityGlobals) = postSolution
		SolutionGuid = {3F00BBC0-5EA9-4216-8E55-B08F678938FA}
	EndGlobalSection
EndGlobal
