
Microsoft Visual Studio Solution File, Format Version 12.00
# Visual Studio Version 17
VisualStudioVersion = 17.14.36518.9 d17.14
MinimumVisualStudioVersion = 10.0.40219.1
Project("{FAE04EC0-301F-11D3-BF4B-00C04F79EFBC}") = "1_Torres_11", "1_Torres_11\1_Torres_11.csproj", "{10CCCEB2-7333-45AD-BE02-939F7A2E3D2B}"
EndProject
Global
	GlobalSection(SolutionConfigurationPlatforms) = preSolution
		Debug|Any CPU = Debug|Any CPU
		Release|Any CPU = Release|Any CPU
	EndGlobalSection
	GlobalSection(ProjectConfigurationPlatforms) = postSolution
		{10CCCEB2-7333-45AD-BE02-939F7A2E3D2B}.Debug|Any CPU.ActiveCfg = Debug|Any CPU
		{10CCCEB2-7333-45AD-BE02-939F7A2E3D2B}.Debug|Any CPU.Build.0 = Debug|Any CPU
		{10CCCEB2-7333-45AD-BE02-939F7A2E3D2B}.Release|Any CPU.ActiveCfg = Release|Any CPU
		{10CCCEB2-7333-45AD-BE02-939F7A2E3D2B}.Release|Any CPU.Build.0 = Release|Any CPU
	EndGlobalSection
	GlobalSection(SolutionProperties) = preSolution
		HideSolutionNode = FALSE
	EndGlobalSection
	GlobalSection(ExtensibilityGlobals) = postSolution
		SolutionGuid = {CCC22916-619F-495C-BAA5-C4B849E5D402}
	EndGlobalSection
EndGlobal
