
Microsoft Visual Studio Solution File, Format Version 12.00
# Visual Studio Version 17
VisualStudioVersion = 17.14.36518.9 d17.14
MinimumVisualStudioVersion = 10.0.40219.1
Project("{FAE04EC0-301F-11D3-BF4B-00C04F79EFBC}") = "1_Torres_15", "1_Torres_15\1_Torres_15.csproj", "{38AFD638-E076-49C4-A14B-3EFA5063755F}"
EndProject
Global
	GlobalSection(SolutionConfigurationPlatforms) = preSolution
		Debug|Any CPU = Debug|Any CPU
		Release|Any CPU = Release|Any CPU
	EndGlobalSection
	GlobalSection(ProjectConfigurationPlatforms) = postSolution
		{38AFD638-E076-49C4-A14B-3EFA5063755F}.Debug|Any CPU.ActiveCfg = Debug|Any CPU
		{38AFD638-E076-49C4-A14B-3EFA5063755F}.Debug|Any CPU.Build.0 = Debug|Any CPU
		{38AFD638-E076-49C4-A14B-3EFA5063755F}.Release|Any CPU.ActiveCfg = Release|Any CPU
		{38AFD638-E076-49C4-A14B-3EFA5063755F}.Release|Any CPU.Build.0 = Release|Any CPU
	EndGlobalSection
	GlobalSection(SolutionProperties) = preSolution
		HideSolutionNode = FALSE
	EndGlobalSection
	GlobalSection(ExtensibilityGlobals) = postSolution
		SolutionGuid = {62CDAD48-BFBF-4BBB-B3D6-E1AC99222E34}
	EndGlobalSection
EndGlobal
