
Microsoft Visual Studio Solution File, Format Version 12.00
# Visual Studio Version 17
VisualStudioVersion = 17.14.36518.9 d17.14
MinimumVisualStudioVersion = 10.0.40219.1
Project("{FAE04EC0-301F-11D3-BF4B-00C04F79EFBC}") = "1_Torres_0", "1_Torres_0\1_Torres_0.csproj", "{30E41EE0-46CC-4036-B89C-5A2388D19443}"
EndProject
Global
	GlobalSection(SolutionConfigurationPlatforms) = preSolution
		Debug|Any CPU = Debug|Any CPU
		Release|Any CPU = Release|Any CPU
	EndGlobalSection
	GlobalSection(ProjectConfigurationPlatforms) = postSolution
		{30E41EE0-46CC-4036-B89C-5A2388D19443}.Debug|Any CPU.ActiveCfg = Debug|Any CPU
		{30E41EE0-46CC-4036-B89C-5A2388D19443}.Debug|Any CPU.Build.0 = Debug|Any CPU
		{30E41EE0-46CC-4036-B89C-5A2388D19443}.Release|Any CPU.ActiveCfg = Release|Any CPU
		{30E41EE0-46CC-4036-B89C-5A2388D19443}.Release|Any CPU.Build.0 = Release|Any CPU
	EndGlobalSection
	GlobalSection(SolutionProperties) = preSolution
		HideSolutionNode = FALSE
	EndGlobalSection
	GlobalSection(ExtensibilityGlobals) = postSolution
		SolutionGuid = {80AE9ACC-909A-4713-85C8-DC4D87D40CF1}
	EndGlobalSection
EndGlobal
