
Microsoft Visual Studio Solution File, Format Version 12.00
# Visual Studio Version 17
VisualStudioVersion = 17.14.36518.9 d17.14
MinimumVisualStudioVersion = 10.0.40219.1
Project("{FAE04EC0-301F-11D3-BF4B-00C04F79EFBC}") = "3_Torres_6", "3_Torres_6\3_Torres_6.csproj", "{A5F5582C-4CB6-471F-A344-55E3C7871E8E}"
EndProject
Global
	GlobalSection(SolutionConfigurationPlatforms) = preSolution
		Debug|Any CPU = Debug|Any CPU
		Release|Any CPU = Release|Any CPU
	EndGlobalSection
	GlobalSection(ProjectConfigurationPlatforms) = postSolution
		{A5F5582C-4CB6-471F-A344-55E3C7871E8E}.Debug|Any CPU.ActiveCfg = Debug|Any CPU
		{A5F5582C-4CB6-471F-A344-55E3C7871E8E}.Debug|Any CPU.Build.0 = Debug|Any CPU
		{A5F5582C-4CB6-471F-A344-55E3C7871E8E}.Release|Any CPU.ActiveCfg = Release|Any CPU
		{A5F5582C-4CB6-471F-A344-55E3C7871E8E}.Release|Any CPU.Build.0 = Release|Any CPU
	EndGlobalSection
	GlobalSection(SolutionProperties) = preSolution
		HideSolutionNode = FALSE
	EndGlobalSection
	GlobalSection(ExtensibilityGlobals) = postSolution
		SolutionGuid = {1BA3DD1A-1745-414C-B443-131243685956}
	EndGlobalSection
EndGlobal
