
Microsoft Visual Studio Solution File, Format Version 12.00
# Visual Studio Version 17
VisualStudioVersion = 17.14.36518.9 d17.14
MinimumVisualStudioVersion = 10.0.40219.1
Project("{FAE04EC0-301F-11D3-BF4B-00C04F79EFBC}") = "3_Torres_44", "3_Torres_44\3_Torres_44.csproj", "{1611AF06-A54F-4753-95D7-C0746BEB078E}"
EndProject
Global
	GlobalSection(SolutionConfigurationPlatforms) = preSolution
		Debug|Any CPU = Debug|Any CPU
		Release|Any CPU = Release|Any CPU
	EndGlobalSection
	GlobalSection(ProjectConfigurationPlatforms) = postSolution
		{1611AF06-A54F-4753-95D7-C0746BEB078E}.Debug|Any CPU.ActiveCfg = Debug|Any CPU
		{1611AF06-A54F-4753-95D7-C0746BEB078E}.Debug|Any CPU.Build.0 = Debug|Any CPU
		{1611AF06-A54F-4753-95D7-C0746BEB078E}.Release|Any CPU.ActiveCfg = Release|Any CPU
		{1611AF06-A54F-4753-95D7-C0746BEB078E}.Release|Any CPU.Build.0 = Release|Any CPU
	EndGlobalSection
	GlobalSection(SolutionProperties) = preSolution
		HideSolutionNode = FALSE
	EndGlobalSection
	GlobalSection(ExtensibilityGlobals) = postSolution
		SolutionGuid = {86C35022-0EDA-4781-9DCE-07A99BE13F21}
	EndGlobalSection
EndGlobal
