
Microsoft Visual Studio Solution File, Format Version 12.00
# Visual Studio Version 17
VisualStudioVersion = 17.13.35931.197 d17.13
MinimumVisualStudioVersion = 10.0.40219.1
Project("{FAE04EC0-301F-11D3-BF4B-00C04F79EFBC}") = "0_Torres_1", "0_Torres_1\0_Torres_1.csproj", "{5D155732-B56B-4DE2-A2B5-9EDDC34B3E22}"
EndProject
Global
	GlobalSection(SolutionConfigurationPlatforms) = preSolution
		Debug|Any CPU = Debug|Any CPU
		Release|Any CPU = Release|Any CPU
	EndGlobalSection
	GlobalSection(ProjectConfigurationPlatforms) = postSolution
		{5D155732-B56B-4DE2-A2B5-9EDDC34B3E22}.Debug|Any CPU.ActiveCfg = Debug|Any CPU
		{5D155732-B56B-4DE2-A2B5-9EDDC34B3E22}.Debug|Any CPU.Build.0 = Debug|Any CPU
		{5D155732-B56B-4DE2-A2B5-9EDDC34B3E22}.Release|Any CPU.ActiveCfg = Release|Any CPU
		{5D155732-B56B-4DE2-A2B5-9EDDC34B3E22}.Release|Any CPU.Build.0 = Release|Any CPU
	EndGlobalSection
	GlobalSection(SolutionProperties) = preSolution
		HideSolutionNode = FALSE
	EndGlobalSection
	GlobalSection(ExtensibilityGlobals) = postSolution
		SolutionGuid = {B27C4D5F-2F86-4D94-B342-C7C8091916E6}
	EndGlobalSection
EndGlobal
