
Microsoft Visual Studio Solution File, Format Version 12.00
# Visual Studio Version 17
VisualStudioVersion = 17.14.36518.9 d17.14
MinimumVisualStudioVersion = 10.0.40219.1
Project("{FAE04EC0-301F-11D3-BF4B-00C04F79EFBC}") = "1_Torres_10", "1_Torres_10\1_Torres_10.csproj", "{2F8DD773-82F4-427C-8293-A2D1F6BD3DC6}"
EndProject
Global
	GlobalSection(SolutionConfigurationPlatforms) = preSolution
		Debug|Any CPU = Debug|Any CPU
		Release|Any CPU = Release|Any CPU
	EndGlobalSection
	GlobalSection(ProjectConfigurationPlatforms) = postSolution
		{2F8DD773-82F4-427C-8293-A2D1F6BD3DC6}.Debug|Any CPU.ActiveCfg = Debug|Any CPU
		{2F8DD773-82F4-427C-8293-A2D1F6BD3DC6}.Debug|Any CPU.Build.0 = Debug|Any CPU
		{2F8DD773-82F4-427C-8293-A2D1F6BD3DC6}.Release|Any CPU.ActiveCfg = Release|Any CPU
		{2F8DD773-82F4-427C-8293-A2D1F6BD3DC6}.Release|Any CPU.Build.0 = Release|Any CPU
	EndGlobalSection
	GlobalSection(SolutionProperties) = preSolution
		HideSolutionNode = FALSE
	EndGlobalSection
	GlobalSection(ExtensibilityGlobals) = postSolution
		SolutionGuid = {C1C84647-C633-4307-A1ED-46014031EB5D}
	EndGlobalSection
EndGlobal
