
Microsoft Visual Studio Solution File, Format Version 12.00
# Visual Studio Version 17
VisualStudioVersion = 17.14.36518.9 d17.14
MinimumVisualStudioVersion = 10.0.40219.1
Project("{FAE04EC0-301F-11D3-BF4B-00C04F79EFBC}") = "2_Torres_11", "2_Torres_11\2_Torres_11.csproj", "{BE01F569-78E3-41F8-8371-B67C7E4C6E22}"
EndProject
Global
	GlobalSection(SolutionConfigurationPlatforms) = preSolution
		Debug|Any CPU = Debug|Any CPU
		Release|Any CPU = Release|Any CPU
	EndGlobalSection
	GlobalSection(ProjectConfigurationPlatforms) = postSolution
		{BE01F569-78E3-41F8-8371-B67C7E4C6E22}.Debug|Any CPU.ActiveCfg = Debug|Any CPU
		{BE01F569-78E3-41F8-8371-B67C7E4C6E22}.Debug|Any CPU.Build.0 = Debug|Any CPU
		{BE01F569-78E3-41F8-8371-B67C7E4C6E22}.Release|Any CPU.ActiveCfg = Release|Any CPU
		{BE01F569-78E3-41F8-8371-B67C7E4C6E22}.Release|Any CPU.Build.0 = Release|Any CPU
	EndGlobalSection
	GlobalSection(SolutionProperties) = preSolution
		HideSolutionNode = FALSE
	EndGlobalSection
	GlobalSection(ExtensibilityGlobals) = postSolution
		SolutionGuid = {56F868AE-921E-4A15-900C-D442E03099BA}
	EndGlobalSection
EndGlobal
