
Microsoft Visual Studio Solution File, Format Version 12.00
# Visual Studio Version 17
VisualStudioVersion = 17.14.36518.9 d17.14
MinimumVisualStudioVersion = 10.0.40219.1
Project("{FAE04EC0-301F-11D3-BF4B-00C04F79EFBC}") = "2_Torres_1", "2_Torres_1\2_Torres_1.csproj", "{0B449200-2413-4C9D-B312-05BDB4225989}"
EndProject
Global
	GlobalSection(SolutionConfigurationPlatforms) = preSolution
		Debug|Any CPU = Debug|Any CPU
		Release|Any CPU = Release|Any CPU
	EndGlobalSection
	GlobalSection(ProjectConfigurationPlatforms) = postSolution
		{0B449200-2413-4C9D-B312-05BDB4225989}.Debug|Any CPU.ActiveCfg = Debug|Any CPU
		{0B449200-2413-4C9D-B312-05BDB4225989}.Debug|Any CPU.Build.0 = Debug|Any CPU
		{0B449200-2413-4C9D-B312-05BDB4225989}.Release|Any CPU.ActiveCfg = Release|Any CPU
		{0B449200-2413-4C9D-B312-05BDB4225989}.Release|Any CPU.Build.0 = Release|Any CPU
	EndGlobalSection
	GlobalSection(SolutionProperties) = preSolution
		HideSolutionNode = FALSE
	EndGlobalSection
	GlobalSection(ExtensibilityGlobals) = postSolution
		SolutionGuid = {87962602-9504-40C8-9ADF-16E6C41F0A6C}
	EndGlobalSection
EndGlobal
