Microsoft Visual Studio Solution File, Format Version 12.00
# Visual Studio Version 17
VisualStudioVersion = 17.13.35931.197
MinimumVisualStudioVersion = 10.0.40219.1
Project("{FAE04EC0-301F-11D3-BF4B-00C04F79EFBC}") = "0_Torres_2", "0_Torres_2\0_Torres_2.csproj", "{CB3E922E-DBB3-4A9B-8E28-920DFCFDF68E}"
EndProject
Global
	GlobalSection(SolutionConfigurationPlatforms) = preSolution
		Debug|Any CPU = Debug|Any CPU
		Release|Any CPU = Release|Any CPU
	EndGlobalSection
	GlobalSection(ProjectConfigurationPlatforms) = postSolution
		{CB3E922E-DBB3-4A9B-8E28-920DFCFDF68E}.Debug|Any CPU.ActiveCfg = Debug|Any CPU
		{CB3E922E-DBB3-4A9B-8E28-920DFCFDF68E}.Debug|Any CPU.Build.0 = Debug|Any CPU
		{CB3E922E-DBB3-4A9B-8E28-920DFCFDF68E}.Release|Any CPU.ActiveCfg = Release|Any CPU
		{CB3E922E-DBB3-4A9B-8E28-920DFCFDF68E}.Release|Any CPU.Build.0 = Release|Any CPU
	EndGlobalSection
	GlobalSection(SolutionProperties) = preSolution
		HideSolutionNode = FALSE
	EndGlobalSection
	GlobalSection(ExtensibilityGlobals) = postSolution
		SolutionGuid = {EF627FBA-0F7D-4F15-99C2-3BB94994C798}
	EndGlobalSection
EndGlobal
